Microsoft Visual Studio Solution File, Format Version 12.00
# Visual Studio Version 17
VisualStudioVersion = 17.5.2.0
MinimumVisualStudioVersion = 10.0.40219.1
Project("{FAE04EC0-301F-11D3-BF4B-00C04F79EFBC}") = "SchoolManagement", "SchoolManagement.csproj", "{CCC51E08-92E0-727F-AD14-D0C7FEE842AB}"
EndProject
Global
	GlobalSection(SolutionConfigurationPlatforms) = preSolution
		Debug|Any CPU = Debug|Any CPU
		Release|Any CPU = Release|Any CPU
	EndGlobalSection
	GlobalSection(ProjectConfigurationPlatforms) = postSolution
		{CCC51E08-92E0-727F-AD14-D0C7FEE842AB}.Debug|Any CPU.ActiveCfg = Debug|Any CPU
		{CCC51E08-92E0-727F-AD14-D0C7FEE842AB}.Debug|Any CPU.Build.0 = Debug|Any CPU
		{CCC51E08-92E0-727F-AD14-D0C7FEE842AB}.Release|Any CPU.ActiveCfg = Release|Any CPU
		{CCC51E08-92E0-727F-AD14-D0C7FEE842AB}.Release|Any CPU.Build.0 = Release|Any CPU
	EndGlobalSection
	GlobalSection(SolutionProperties) = preSolution
		HideSolutionNode = FALSE
	EndGlobalSection
	GlobalSection(ExtensibilityGlobals) = postSolution
		SolutionGuid = {011C3E9B-B32E-43F1-A79F-3A3FF049459B}
	EndGlobalSection
EndGlobal
